{
  "name": "js",
  "version": "1.0.0",
  "lockfileVersion": 1,
  "requires": true,
  "dependencies": {
    "@types/mithril": {
      "version": "1.1.13",
      "resolved": "https://registry.npmjs.org/@types/mithril/-/mithril-1.1.13.tgz",
      "integrity": "sha512-JDdplDDsIHyJFzolSSaKheTyWt7G/TyF1MwKCYU4rucZQtfKigpLMGGB/t8F6FRqPCuVH88uxbE0EILdwCjvVg==",
      "dev": true
    },
    "es5-shim": {
      "version": "4.5.12",
      "resolved": "https://registry.npmjs.org/es5-shim/-/es5-shim-4.5.12.tgz",
      "integrity": "sha512-MjoCAHE6P2Dirme70Cxd9i2Ng8rhXiaVSsxDWdSwimfLERJL/ypR2ed2rTYkeeYrMk8gq281dzKLiGcdrmc8qg=="
    },
    "es6-shim": {
      "version": "0.35.4",
      "resolved": "https://registry.npmjs.org/es6-shim/-/es6-shim-0.35.4.tgz",
      "integrity": "sha512-oJidbXjN/VWXZJs41E9JEqWzcFbjt43JupimIoVX82Thzt5qy1CiYezdhRmWkj3KOuwJ106IG/ZZrcFC6fgIUQ=="
    },
    "mithril": {
      "version": "2.0.0-rc.0",
      "resolved": "https://registry.npmjs.org/mithril/-/mithril-2.0.0-rc.0.tgz",
      "integrity": "sha512-BolCY7brBUUzhNUqhnQtHlWL/qJ2VDkGxsHDrBPd1XlYgWQ0qyNuhfhMHT5SjnrXx1xyVjrBeFj9kXigosq/ww=="
    },
    "purecss": {
      "version": "1.0.0",
      "resolved": "https://registry.npmjs.org/purecss/-/purecss-1.0.0.tgz",
      "integrity": "sha512-gfC78WCOWNnfkzulx9aoWwcl+0JflhwKeJ+k9s/ZyIawfYNA4bqBmt0DtfgtQK9iuYMtGfbdE8R2AQMjSWR2VQ=="
    },
    "typescript": {
      "version": "3.1.4",
      "resolved": "https://registry.npmjs.org/typescript/-/typescript-3.1.4.tgz",
      "integrity": "sha512-JZHJtA6ZL15+Q3Dqkbh8iCUmvxD3iJ7ujXS+fVkKnwIVAdHc5BJTDNM0aTrnr2luKulFjU7W+SRhDZvi66Ru7Q==",
      "dev": true
    }
  }
}
