{
  "name": "js",
  "version": "1.0.0",
  "lockfileVersion": 1,
  "requires": true,
  "dependencies": {
    "@types/mithril": {
      "version": "1.1.12",
      "resolved": "https://registry.npmjs.org/@types/mithril/-/mithril-1.1.12.tgz",
      "integrity": "sha512-l2kgoh8Xhsz43I/lnp4egkhMNs77ZH4lpROEh8bWyrrbt8bo7sD0mv4TAVJvjQdwgqe8a8Zd46rvPyJZHs6IUA==",
      "dev": true
    },
    "mithril": {
      "version": "1.1.6",
      "resolved": "https://registry.npmjs.org/mithril/-/mithril-1.1.6.tgz",
      "integrity": "sha512-fWcUrQTCqu8M916rj1MFGlHaPh65rznPu6U/N2U9g81H89klDCIptSK5bnkNkC+jyi3sJIXjyGhSQjUnR8jzZA=="
    },
    "purecss": {
      "version": "1.0.0",
      "resolved": "https://registry.npmjs.org/purecss/-/purecss-1.0.0.tgz",
      "integrity": "sha512-gfC78WCOWNnfkzulx9aoWwcl+0JflhwKeJ+k9s/ZyIawfYNA4bqBmt0DtfgtQK9iuYMtGfbdE8R2AQMjSWR2VQ=="
    },
    "typescript": {
      "version": "2.8.3",
      "resolved": "https://registry.npmjs.org/typescript/-/typescript-2.8.3.tgz",
      "integrity": "sha512-K7g15Bb6Ra4lKf7Iq2l/I5/En+hLIHmxWZGq3D4DIRNFxMNV6j2SHSvDOqs2tGd4UvD/fJvrwopzQXjLrT7Itw==",
      "dev": true
    }
  }
}
